// !$*UTF8*$!
{
	archiveVersion = 1;
	classes = {
	};
	objectVersion = 55;
	objects = {

/* Begin PBXBuildFile section */
		C13A2AF22829EBC20011C527 /* AppDelegate.swift in Sources */ = {isa = PBXBuildFile; fileRef = C13A2AF12829EBC20011C527 /* AppDelegate.swift */; };
		C13A2AF42829EBC20011C527 /* SceneDelegate.swift in Sources */ = {isa = PBXBuildFile; fileRef = C13A2AF32829EBC20011C527 /* SceneDelegate.swift */; };
		C13A2AF62829EBC30011C527 /* ViewController.swift in Sources */ = {isa = PBXBuildFile; fileRef = C13A2AF52829EBC30011C527 /* ViewController.swift */; };
		C13A2AF92829EBC30011C527 /* Main.storyboard in Resources */ = {isa = PBXBuildFile; fileRef = C13A2AF72829EBC30011C527 /* Main.storyboard */; };
		C13A2AFB2829EBC90011C527 /* Assets.xcassets in Resources */ = {isa = PBXBuildFile; fileRef = C13A2AFA2829EBC90011C527 /* Assets.xcassets */; };
		C13A2AFE2829EBC90011C527 /* LaunchScreen.storyboard in Resources */ = {isa = PBXBuildFile; fileRef = C13A2AFC2829EBC90011C527 /* LaunchScreen.storyboard */; };
		C13A2B092829EBCB0011C527 /* cardGameTests.swift in Sources */ = {isa = PBXBuildFile; fileRef = C13A2B082829EBCB0011C527 /* cardGameTests.swift */; };
		C13A2B132829EBCB0011C527 /* cardGameUITests.swift in Sources */ = {isa = PBXBuildFile; fileRef = C13A2B122829EBCB0011C527 /* cardGameUITests.swift */; };
		C13A2B152829EBCB0011C527 /* cardGameUITestsLaunchTests.swift in Sources */ = {isa = PBXBuildFile; fileRef = C13A2B142829EBCB0011C527 /* cardGameUITestsLaunchTests.swift */; };
/* End PBXBuildFile section */

/* Begin PBXContainerItemProxy section */
		C13A2B052829EBCB0011C527 /* PBXContainerItemProxy */ = {
			isa = PBXContainerItemProxy;
			containerPortal = C13A2AE62829EBC20011C527 /* Project object */;
			proxyType = 1;
			remoteGlobalIDString = C13A2AED2829EBC20011C527;
			remoteInfo = cardGame;
		};
		C13A2B0F2829EBCB0011C527 /* PBXContainerItemProxy */ = {
			isa = PBXContainerItemProxy;
			containerPortal = C13A2AE62829EBC20011C527 /* Project object */;
			proxyType = 1;
			remoteGlobalIDString = C13A2AED2829EBC20011C527;
			remoteInfo = cardGame;
		};
/* End PBXContainerItemProxy section */

/* Begin PBXFileReference section */
		C13A2AEE2829EBC20011C527 /* cardGame.app */ = {isa = PBXFileReference; explicitFileType = wrapper.application; includeInIndex = 0; path = cardGame.app; sourceTree = BUILT_PRODUCTS_DIR; };
		C13A2AF12829EBC20011C527 /* AppDelegate.swift */ = {isa = PBXFileReference; lastKnownFileType = sourcecode.swift; path = AppDelegate.swift; sourceTree = "<group>"; };
		C13A2AF32829EBC20011C527 /* SceneDelegate.swift */ = {isa = PBXFileReference; lastKnownFileType = sourcecode.swift; path = SceneDelegate.swift; sourceTree = "<group>"; };
		C13A2AF52829EBC30011C527 /* ViewController.swift */ = {isa = PBXFileReference; lastKnownFileType = sourcecode.swift; path = ViewController.swift; sourceTree = "<group>"; };
		C13A2AF82829EBC30011C527 /* Base */ = {isa = PBXFileReference; lastKnownFileType = file.storyboard; name = Base; path = Base.lproj/Main.storyboard; sourceTree = "<group>"; };
		C13A2AFA2829EBC90011C527 /* Assets.xcassets */ = {isa = PBXFileReference; lastKnownFileType = folder.assetcatalog; path = Assets.xcassets; sourceTree = "<group>"; };
		C13A2AFD2829EBC90011C527 /* Base */ = {isa = PBXFileReference; lastKnownFileType = file.storyboard; name = Base; path = Base.lproj/LaunchScreen.storyboard; sourceTree = "<group>"; };
		C13A2AFF2829EBC90011C527 /* Info.plist */ = {isa = PBXFileReference; lastKnownFileType = text.plist.xml; path = Info.plist; sourceTree = "<group>"; };
		C13A2B042829EBCB0011C527 /* cardGameTests.xctest */ = {isa = PBXFileReference; explicitFileType = wrapper.cfbundle; includeInIndex = 0; path = cardGameTests.xctest; sourceTree = BUILT_PRODUCTS_DIR; };
		C13A2B082829EBCB0011C527 /* cardGameTests.swift */ = {isa = PBXFileReference; lastKnownFileType = sourcecode.swift; path = cardGameTests.swift; sourceTree = "<group>"; };
		C13A2B0E2829EBCB0011C527 /* cardGameUITests.xctest */ = {isa = PBXFileReference; explicitFileType = wrapper.cfbundle; includeInIndex = 0; path = cardGameUITests.xctest; sourceTree = BUILT_PRODUCTS_DIR; };
		C13A2B122829EBCB0011C527 /* cardGameUITests.swift */ = {isa = PBXFileReference; lastKnownFileType = sourcecode.swift; path = cardGameUITests.swift; sourceTree = "<group>"; };
		C13A2B142829EBCB0011C527 /* cardGameUITestsLaunchTests.swift */ = {isa = PBXFileReference; lastKnownFileType = sourcecode.swift; path = cardGameUITestsLaunchTests.swift; sourceTree = "<group>"; };
/* End PBXFileReference section */

/* Begin PBXFrameworksBuildPhase section */
		C13A2AEB2829EBC20011C527 /* Frameworks */ = {
			isa = PBXFrameworksBuildPhase;
			buildActionMask = 2147483647;
			files = (
			);
			runOnlyForDeploymentPostprocessing = 0;
		};
		C13A2B012829EBCB0011C527 /* Frameworks */ = {
			isa = PBXFrameworksBuildPhase;
			buildActionMask = 2147483647;
			files = (
			);
			runOnlyForDeploymentPostprocessing = 0;
		};
		C13A2B0B2829EBCB0011C527 /* Frameworks */ = {
			isa = PBXFrameworksBuildPhase;
			buildActionMask = 2147483647;
			files = (
			);
			runOnlyForDeploymentPostprocessing = 0;
		};
/* End PBXFrameworksBuildPhase section */

/* Begin PBXGroup section */
		C13A2AE52829EBC20011C527 = {
			isa = PBXGroup;
			children = (
				C13A2AF02829EBC20011C527 /* cardGame */,
				C13A2B072829EBCB0011C527 /* cardGameTests */,
				C13A2B112829EBCB0011C527 /* cardGameUITests */,
				C13A2AEF2829EBC20011C527 /* Products */,
			);
			sourceTree = "<group>";
		};
		C13A2AEF2829EBC20011C527 /* Products */ = {
			isa = PBXGroup;
			children = (
				C13A2AEE2829EBC20011C527 /* cardGame.app */,
				C13A2B042829EBCB0011C527 /* cardGameTests.xctest */,
				C13A2B0E2829EBCB0011C527 /* cardGameUITests.xctest */,
			);
			name = Products;
			sourceTree = "<group>";
		};
		C13A2AF02829EBC20011C527 /* cardGame */ = {
			isa = PBXGroup;
			children = (
				C13A2AF12829EBC20011C527 /* AppDelegate.swift */,
				C13A2AF32829EBC20011C527 /* SceneDelegate.swift */,
				C13A2AF52829EBC30011C527 /* ViewController.swift */,
				C13A2AF72829EBC30011C527 /* Main.storyboard */,
				C13A2AFA2829EBC90011C527 /* Assets.xcassets */,
				C13A2AFC2829EBC90011C527 /* LaunchScreen.storyboard */,
				C13A2AFF2829EBC90011C527 /* Info.plist */,
			);
			path = cardGame;
			sourceTree = "<group>";
		};
		C13A2B072829EBCB0011C527 /* cardGameTests */ = {
			isa = PBXGroup;
			children = (
				C13A2B082829EBCB0011C527 /* cardGameTests.swift */,
			);
			path = cardGameTests;
			sourceTree = "<group>";
		};
		C13A2B112829EBCB0011C527 /* cardGameUITests */ = {
			isa = PBXGroup;
			children = (
				C13A2B122829EBCB0011C527 /* cardGameUITests.swift */,
				C13A2B142829EBCB0011C527 /* cardGameUITestsLaunchTests.swift */,
			);
			path = cardGameUITests;
			sourceTree = "<group>";
		};
/* End PBXGroup section */

/* Begin PBXNativeTarget section */
		C13A2AED2829EBC20011C527 /* cardGame */ = {
			isa = PBXNativeTarget;
			buildConfigurationList = C13A2B182829EBCB0011C527 /* Build configuration list for PBXNativeTarget "cardGame" */;
			buildPhases = (
				C13A2AEA2829EBC20011C527 /* Sources */,
				C13A2AEB2829EBC20011C527 /* Frameworks */,
				C13A2AEC2829EBC20011C527 /* Resources */,
			);
			buildRules = (
			);
			dependencies = (
			);
			name = cardGame;
			productName = cardGame;
			productReference = C13A2AEE2829EBC20011C527 /* cardGame.app */;
			productType = "com.apple.product-type.application";
		};
		C13A2B032829EBCB0011C527 /* cardGameTests */ = {
			isa = PBXNativeTarget;
			buildConfigurationList = C13A2B1B2829EBCB0011C527 /* Build configuration list for PBXNativeTarget "cardGameTests" */;
			buildPhases = (
				C13A2B002829EBCB0011C527 /* Sources */,
				C13A2B012829EBCB0011C527 /* Frameworks */,
				C13A2B022829EBCB0011C527 /* Resources */,
			);
			buildRules = (
			);
			dependencies = (
				C13A2B062829EBCB0011C527 /* PBXTargetDependency */,
			);
			name = cardGameTests;
			productName = cardGameTests;
			productReference = C13A2B042829EBCB0011C527 /* cardGameTests.xctest */;
			productType = "com.apple.product-type.bundle.unit-test";
		};
		C13A2B0D2829EBCB0011C527 /* cardGameUITests */ = {
			isa = PBXNativeTarget;
			buildConfigurationList = C13A2B1E2829EBCB0011C527 /* Build configuration list for PBXNativeTarget "cardGameUITests" */;
			buildPhases = (
				C13A2B0A2829EBCB0011C527 /* Sources */,
				C13A2B0B2829EBCB0011C527 /* Frameworks */,
				C13A2B0C2829EBCB0011C527 /* Resources */,
			);
			buildRules = (
			);
			dependencies = (
				C13A2B102829EBCB0011C527 /* PBXTargetDependency */,
			);
			name = cardGameUITests;
			productName = cardGameUITests;
			productReference = C13A2B0E2829EBCB0011C527 /* cardGameUITests.xctest */;
			productType = "com.apple.product-type.bundle.ui-testing";
		};
/* End PBXNativeTarget section */

/* Begin PBXProject section */
		C13A2AE62829EBC20011C527 /* Project object */ = {
			isa = PBXProject;
			attributes = {
				BuildIndependentTargetsInParallel = 1;
				LastSwiftUpdateCheck = 1330;
				LastUpgradeCheck = 1330;
				TargetAttributes = {
					C13A2AED2829EBC20011C527 = {
						CreatedOnToolsVersion = 13.3.1;
					};
					C13A2B032829EBCB0011C527 = {
						CreatedOnToolsVersion = 13.3.1;
						TestTargetID = C13A2AED2829EBC20011C527;
					};
					C13A2B0D2829EBCB0011C527 = {
						CreatedOnToolsVersion = 13.3.1;
						TestTargetID = C13A2AED2829EBC20011C527;
					};
				};
			};
			buildConfigurationList = C13A2AE92829EBC20011C527 /* Build configuration list for PBXProject "cardGame" */;
			compatibilityVersion = "Xcode 13.0";
			developmentRegion = en;
			hasScannedForEncodings = 0;
			knownRegions = (
				en,
				Base,
			);
			mainGroup = C13A2AE52829EBC20011C527;
			productRefGroup = C13A2AEF2829EBC20011C527 /* Products */;
			projectDirPath = "";
			projectRoot = "";
			targets = (
				C13A2AED2829EBC20011C527 /* cardGame */,
				C13A2B032829EBCB0011C527 /* cardGameTests */,
				C13A2B0D2829EBCB0011C527 /* cardGameUITests */,
			);
		};
/* End PBXProject section */

/* Begin PBXResourcesBuildPhase section */
		C13A2AEC2829EBC20011C527 /* Resources */ = {
			isa = PBXResourcesBuildPhase;
			buildActionMask = 2147483647;
			files = (
				C13A2AFE2829EBC90011C527 /* LaunchScreen.storyboard in Resources */,
				C13A2AFB2829EBC90011C527 /* Assets.xcassets in Resources */,
				C13A2AF92829EBC30011C527 /* Main.storyboard in Resources */,
			);
			runOnlyForDeploymentPostprocessing = 0;
		};
		C13A2B022829EBCB0011C527 /* Resources */ = {
			isa = PBXResourcesBuildPhase;
			buildActionMask = 2147483647;
			files = (
			);
			runOnlyForDeploymentPostprocessing = 0;
		};
		C13A2B0C2829EBCB0011C527 /* Resources */ = {
			isa = PBXResourcesBuildPhase;
			buildActionMask = 2147483647;
			files = (
			);
			runOnlyForDeploymentPostprocessing = 0;
		};
/* End PBXResourcesBuildPhase section */

/* Begin PBXSourcesBuildPhase section */
		C13A2AEA2829EBC20011C527 /* Sources */ = {
			isa = PBXSourcesBuildPhase;
			buildActionMask = 2147483647;
			files = (
				C13A2AF62829EBC30011C527 /* ViewController.swift in Sources */,
				C13A2AF22829EBC20011C527 /* AppDelegate.swift in Sources */,
				C13A2AF42829EBC20011C527 /* SceneDelegate.swift in Sources */,
			);
			runOnlyForDeploymentPostprocessing = 0;
		};
		C13A2B002829EBCB0011C527 /* Sources */ = {
			isa = PBXSourcesBuildPhase;
			buildActionMask = 2147483647;
			files = (
				C13A2B092829EBCB0011C527 /* cardGameTests.swift in Sources */,
			);
			runOnlyForDeploymentPostprocessing = 0;
		};
		C13A2B0A2829EBCB0011C527 /* Sources */ = {
			isa = PBXSourcesBuildPhase;
			buildActionMask = 2147483647;
			files = (
				C13A2B152829EBCB0011C527 /* cardGameUITestsLaunchTests.swift in Sources */,
				C13A2B132829EBCB0011C527 /* cardGameUITests.swift in Sources */,
			);
			runOnlyForDeploymentPostprocessing = 0;
		};
/* End PBXSourcesBuildPhase section */

/* Begin PBXTargetDependency section */
		C13A2B062829EBCB0011C527 /* PBXTargetDependency */ = {
			isa = PBXTargetDependency;
			target = C13A2AED2829EBC20011C527 /* cardGame */;
			targetProxy = C13A2B052829EBCB0011C527 /* PBXContainerItemProxy */;
		};
		C13A2B102829EBCB0011C527 /* PBXTargetDependency */ = {
			isa = PBXTargetDependency;
			target = C13A2AED2829EBC20011C527 /* cardGame */;
			targetProxy = C13A2B0F2829EBCB0011C527 /* PBXContainerItemProxy */;
		};
/* End PBXTargetDependency section */

/* Begin PBXVariantGroup section */
		C13A2AF72829EBC30011C527 /* Main.storyboard */ = {
			isa = PBXVariantGroup;
			children = (
				C13A2AF82829EBC30011C527 /* Base */,
			);
			name = Main.storyboard;
			sourceTree = "<group>";
		};
		C13A2AFC2829EBC90011C527 /* LaunchScreen.storyboard */ = {
			isa = PBXVariantGroup;
			children = (
				C13A2AFD2829EBC90011C527 /* Base */,
			);
			name = LaunchScreen.storyboard;
			sourceTree = "<group>";
		};
/* End PBXVariantGroup section */

/* Begin XCBuildConfiguration section */
		C13A2B162829EBCB0011C527 /* Debug */ = {
			isa = XCBuildConfiguration;
			buildSettings = {
				ALWAYS_SEARCH_USER_PATHS = NO;
				CLANG_ANALYZER_NONNULL = YES;
				CLANG_ANALYZER_NUMBER_OBJECT_CONVERSION = YES_AGGRESSIVE;
				CLANG_CXX_LANGUAGE_STANDARD = "gnu++17";
				CLANG_ENABLE_MODULES = YES;
				CLANG_ENABLE_OBJC_ARC = YES;
				CLANG_ENABLE_OBJC_WEAK = YES;
				CLANG_WARN_BLOCK_CAPTURE_AUTORELEASING = YES;
				CLANG_WARN_BOOL_CONVERSION = YES;
				CLANG_WARN_COMMA = YES;
				CLANG_WARN_CONSTANT_CONVERSION = YES;
				CLANG_WARN_DEPRECATED_OBJC_IMPLEMENTATIONS = YES;
				CLANG_WARN_DIRECT_OBJC_ISA_USAGE = YES_ERROR;
				CLANG_WARN_DOCUMENTATION_COMMENTS = YES;
				CLANG_WARN_EMPTY_BODY = YES;
				CLANG_WARN_ENUM_CONVERSION = YES;
				CLANG_WARN_INFINITE_RECURSION = YES;
				CLANG_WARN_INT_CONVERSION = YES;
				CLANG_WARN_NON_LITERAL_NULL_CONVERSION = YES;
				CLANG_WARN_OBJC_IMPLICIT_RETAIN_SELF = YES;
				CLANG_WARN_OBJC_LITERAL_CONVERSION = YES;
				CLANG_WARN_OBJC_ROOT_CLASS = YES_ERROR;
				CLANG_WARN_QUOTED_INCLUDE_IN_FRAMEWORK_HEADER = YES;
				CLANG_WARN_RANGE_LOOP_ANALYSIS = YES;
				CLANG_WARN_STRICT_PROTOTYPES = YES;
				CLANG_WARN_SUSPICIOUS_MOVE = YES;
				CLANG_WARN_UNGUARDED_AVAILABILITY = YES_AGGRESSIVE;
				CLANG_WARN_UNREACHABLE_CODE = YES;
				CLANG_WARN__DUPLICATE_METHOD_MATCH = YES;
				COPY_PHASE_STRIP = NO;
				DEBUG_INFORMATION_FORMAT = dwarf;
				ENABLE_STRICT_OBJC_MSGSEND = YES;
				ENABLE_TESTABILITY = YES;
				GCC_C_LANGUAGE_STANDARD = gnu11;
				GCC_DYNAMIC_NO_PIC = NO;
				GCC_NO_COMMON_BLOCKS = YES;
				GCC_OPTIMIZATION_LEVEL = 0;
				GCC_PREPROCESSOR_DEFINITIONS = (
					"DEBUG=1",
					"$(inherited)",
				);
				GCC_WARN_64_TO_32_BIT_CONVERSION = YES;
				GCC_WARN_ABOUT_RETURN_TYPE = YES_ERROR;
				GCC_WARN_UNDECLARED_SELECTOR = YES;
				GCC_WARN_UNINITIALIZED_AUTOS = YES_AGGRESSIVE;
				GCC_WARN_UNUSED_FUNCTION = YES;
				GCC_WARN_UNUSED_VARIABLE = YES;
				IPHONEOS_DEPLOYMENT_TARGET = 15.4;
				MTL_ENABLE_DEBUG_INFO = INCLUDE_SOURCE;
				MTL_FAST_MATH = YES;
				ONLY_ACTIVE_ARCH = YES;
				SDKROOT = iphoneos;
				SWIFT_ACTIVE_COMPILATION_CONDITIONS = DEBUG;
				SWIFT_OPTIMIZATION_LEVEL = "-Onone";
			};
			name = Debug;
		};
		C13A2B172829EBCB0011C527 /* Release */ = {
			isa = XCBuildConfiguration;
			buildSettings = {
				ALWAYS_SEARCH_USER_PATHS = NO;
				CLANG_ANALYZER_NONNULL = YES;
				CLANG_ANALYZER_NUMBER_OBJECT_CONVERSION = YES_AGGRESSIVE;
				CLANG_CXX_LANGUAGE_STANDARD = "gnu++17";
				CLANG_ENABLE_MODULES = YES;
				CLANG_ENABLE_OBJC_ARC = YES;
				CLANG_ENABLE_OBJC_WEAK = YES;
				CLANG_WARN_BLOCK_CAPTURE_AUTORELEASING = YES;
				CLANG_WARN_BOOL_CONVERSION = YES;
				CLANG_WARN_COMMA = YES;
				CLANG_WARN_CONSTANT_CONVERSION = YES;
				CLANG_WARN_DEPRECATED_OBJC_IMPLEMENTATIONS = YES;
				CLANG_WARN_DIRECT_OBJC_ISA_USAGE = YES_ERROR;
				CLANG_WARN_DOCUMENTATION_COMMENTS = YES;
				CLANG_WARN_EMPTY_BODY = YES;
				CLANG_WARN_ENUM_CONVERSION = YES;
				CLANG_WARN_INFINITE_RECURSION = YES;
				CLANG_WARN_INT_CONVERSION = YES;
				CLANG_WARN_NON_LITERAL_NULL_CONVERSION = YES;
				CLANG_WARN_OBJC_IMPLICIT_RETAIN_SELF = YES;
				CLANG_WARN_OBJC_LITERAL_CONVERSION = YES;
				CLANG_WARN_OBJC_ROOT_CLASS = YES_ERROR;
				CLANG_WARN_QUOTED_INCLUDE_IN_FRAMEWORK_HEADER = YES;
				CLANG_WARN_RANGE_LOOP_ANALYSIS = YES;
				CLANG_WARN_STRICT_PROTOTYPES = YES;
				CLANG_WARN_SUSPICIOUS_MOVE = YES;
				CLANG_WARN_UNGUARDED_AVAILABILITY = YES_AGGRESSIVE;
				CLANG_WARN_UNREACHABLE_CODE = YES;
				CLANG_WARN__DUPLICATE_METHOD_MATCH = YES;
				COPY_PHASE_STRIP = NO;
				DEBUG_INFORMATION_FORMAT = "dwarf-with-dsym";
				ENABLE_NS_ASSERTIONS = NO;
				ENABLE_STRICT_OBJC_MSGSEND = YES;
				GCC_C_LANGUAGE_STANDARD = gnu11;
				GCC_NO_COMMON_BLOCKS = YES;
				GCC_WARN_64_TO_32_BIT_CONVERSION = YES;
				GCC_WARN_ABOUT_RETURN_TYPE = YES_ERROR;
				GCC_WARN_UNDECLARED_SELECTOR = YES;
				GCC_WARN_UNINITIALIZED_AUTOS = YES_AGGRESSIVE;
				GCC_WARN_UNUSED_FUNCTION = YES;
				GCC_WARN_UNUSED_VARIABLE = YES;
				IPHONEOS_DEPLOYMENT_TARGET = 15.4;
				MTL_ENABLE_DEBUG_INFO = NO;
				MTL_FAST_MATH = YES;
				SDKROOT = iphoneos;
				SWIFT_COMPILATION_MODE = wholemodule;
				SWIFT_OPTIMIZATION_LEVEL = "-O";
				VALIDATE_PRODUCT = YES;
			};
			name = Release;
		};
		C13A2B192829EBCB0011C527 /* Debug */ = {
			isa = XCBuildConfiguration;
			buildSettings = {
				ASSETCATALOG_COMPILER_APPICON_NAME = AppIcon;
				ASSETCATALOG_COMPILER_GLOBAL_ACCENT_COLOR_NAME = AccentColor;
				CODE_SIGN_STYLE = Automatic;
				CURRENT_PROJECT_VERSION = 1;
				GENERATE_INFOPLIST_FILE = YES;
				INFOPLIST_FILE = cardGame/Info.plist;
				INFOPLIST_KEY_UIApplicationSupportsIndirectInputEvents = YES;
				INFOPLIST_KEY_UILaunchStoryboardName = LaunchScreen;
				INFOPLIST_KEY_UIMainStoryboardFile = Main;
				INFOPLIST_KEY_UISupportedInterfaceOrientations_iPad = "UIInterfaceOrientationPortrait UIInterfaceOrientationPortraitUpsideDown UIInterfaceOrientationLandscapeLeft UIInterfaceOrientationLandscapeRight";
				INFOPLIST_KEY_UISupportedInterfaceOrientations_iPhone = "UIInterfaceOrientationPortrait UIInterfaceOrientationLandscapeLeft UIInterfaceOrientationLandscapeRight";
				LD_RUNPATH_SEARCH_PATHS = (
					"$(inherited)",
					"@executable_path/Frameworks",
				);
				MARKETING_VERSION = 1.0;
				PRODUCT_BUNDLE_IDENTIFIER = com.noam.muallem.cardGame;
				PRODUCT_NAME = "$(TARGET_NAME)";
				SWIFT_EMIT_LOC_STRINGS = YES;
				SWIFT_VERSION = 5.0;
				TARGETED_DEVICE_FAMILY = "1,2";
			};
			name = Debug;
		};
		C13A2B1A2829EBCB0011C527 /* Release */ = {
			isa = XCBuildConfiguration;
			buildSettings = {
				ASSETCATALOG_COMPILER_APPICON_NAME = AppIcon;
				ASSETCATALOG_COMPILER_GLOBAL_ACCENT_COLOR_NAME = AccentColor;
				CODE_SIGN_STYLE = Automatic;
				CURRENT_PROJECT_VERSION = 1;
				GENERATE_INFOPLIST_FILE = YES;
				INFOPLIST_FILE = cardGame/Info.plist;
				INFOPLIST_KEY_UIApplicationSupportsIndirectInputEvents = YES;
				INFOPLIST_KEY_UILaunchStoryboardName = LaunchScreen;
				INFOPLIST_KEY_UIMainStoryboardFile = Main;
				INFOPLIST_KEY_UISupportedInterfaceOrientations_iPad = "UIInterfaceOrientationPortrait UIInterfaceOrientationPortraitUpsideDown UIInterfaceOrientationLandscapeLeft UIInterfaceOrientationLandscapeRight";
				INFOPLIST_KEY_UISupportedInterfaceOrientations_iPhone = "UIInterfaceOrientationPortrait UIInterfaceOrientationLandscapeLeft UIInterfaceOrientationLandscapeRight";
				LD_RUNPATH_SEARCH_PATHS = (
					"$(inherited)",
					"@executable_path/Frameworks",
				);
				MARKETING_VERSION = 1.0;
				PRODUCT_BUNDLE_IDENTIFIER = com.noam.muallem.cardGame;
				PRODUCT_NAME = "$(TARGET_NAME)";
				SWIFT_EMIT_LOC_STRINGS = YES;
				SWIFT_VERSION = 5.0;
				TARGETED_DEVICE_FAMILY = "1,2";
			};
			name = Release;
		};
		C13A2B1C2829EBCB0011C527 /* Debug */ = {
			isa = XCBuildConfiguration;
			buildSettings = {
				ALWAYS_EMBED_SWIFT_STANDARD_LIBRARIES = YES;
				BUNDLE_LOADER = "$(TEST_HOST)";
				CODE_SIGN_STYLE = Automatic;
				CURRENT_PROJECT_VERSION = 1;
				GENERATE_INFOPLIST_FILE = YES;
				IPHONEOS_DEPLOYMENT_TARGET = 15.4;
				MARKETING_VERSION = 1.0;
				PRODUCT_BUNDLE_IDENTIFIER = com.noam.muallem.cardGameTests;
				PRODUCT_NAME = "$(TARGET_NAME)";
				SWIFT_EMIT_LOC_STRINGS = NO;
				SWIFT_VERSION = 5.0;
				TARGETED_DEVICE_FAMILY = "1,2";
				TEST_HOST = "$(BUILT_PRODUCTS_DIR)/cardGame.app/cardGame";
			};
			name = Debug;
		};
		C13A2B1D2829EBCB0011C527 /* Release */ = {
			isa = XCBuildConfiguration;
			buildSettings = {
				ALWAYS_EMBED_SWIFT_STANDARD_LIBRARIES = YES;
				BUNDLE_LOADER = "$(TEST_HOST)";
				CODE_SIGN_STYLE = Automatic;
				CURRENT_PROJECT_VERSION = 1;
				GENERATE_INFOPLIST_FILE = YES;
				IPHONEOS_DEPLOYMENT_TARGET = 15.4;
				MARKETING_VERSION = 1.0;
				PRODUCT_BUNDLE_IDENTIFIER = com.noam.muallem.cardGameTests;
				PRODUCT_NAME = "$(TARGET_NAME)";
				SWIFT_EMIT_LOC_STRINGS = NO;
				SWIFT_VERSION = 5.0;
				TARGETED_DEVICE_FAMILY = "1,2";
				TEST_HOST = "$(BUILT_PRODUCTS_DIR)/cardGame.app/cardGame";
			};
			name = Release;
		};
		C13A2B1F2829EBCB0011C527 /* Debug */ = {
			isa = XCBuildConfiguration;
			buildSettings = {
				ALWAYS_EMBED_SWIFT_STANDARD_LIBRARIES = YES;
				CODE_SIGN_STYLE = Automatic;
				CURRENT_PROJECT_VERSION = 1;
				GENERATE_INFOPLIST_FILE = YES;
				MARKETING_VERSION = 1.0;
				PRODUCT_BUNDLE_IDENTIFIER = com.noam.muallem.cardGameUITests;
				PRODUCT_NAME = "$(TARGET_NAME)";
				SWIFT_EMIT_LOC_STRINGS = NO;
				SWIFT_VERSION = 5.0;
				TARGETED_DEVICE_FAMILY = "1,2";
				TEST_TARGET_NAME = cardGame;
			};
			name = Debug;
		};
		C13A2B202829EBCB0011C527 /* Release */ = {
			isa = XCBuildConfiguration;
			buildSettings = {
				ALWAYS_EMBED_SWIFT_STANDARD_LIBRARIES = YES;
				CODE_SIGN_STYLE = Automatic;
				CURRENT_PROJECT_VERSION = 1;
				GENERATE_INFOPLIST_FILE = YES;
				MARKETING_VERSION = 1.0;
				PRODUCT_BUNDLE_IDENTIFIER = com.noam.muallem.cardGameUITests;
				PRODUCT_NAME = "$(TARGET_NAME)";
				SWIFT_EMIT_LOC_STRINGS = NO;
				SWIFT_VERSION = 5.0;
				TARGETED_DEVICE_FAMILY = "1,2";
				TEST_TARGET_NAME = cardGame;
			};
			name = Release;
		};
/* End XCBuildConfiguration section */

/* Begin XCConfigurationList section */
		C13A2AE92829EBC20011C527 /* Build configuration list for PBXProject "cardGame" */ = {
			isa = XCConfigurationList;
			buildConfigurations = (
				C13A2B162829EBCB0011C527 /* Debug */,
				C13A2B172829EBCB0011C527 /* Release */,
			);
			defaultConfigurationIsVisible = 0;
			defaultConfigurationName = Release;
		};
		C13A2B182829EBCB0011C527 /* Build configuration list for PBXNativeTarget "cardGame" */ = {
			isa = XCConfigurationList;
			buildConfigurations = (
				C13A2B192829EBCB0011C527 /* Debug */,
				C13A2B1A2829EBCB0011C527 /* Release */,
			);
			defaultConfigurationIsVisible = 0;
			defaultConfigurationName = Release;
		};
		C13A2B1B2829EBCB0011C527 /* Build configuration list for PBXNativeTarget "cardGameTests" */ = {
			isa = XCConfigurationList;
			buildConfigurations = (
				C13A2B1C2829EBCB0011C527 /* Debug */,
				C13A2B1D2829EBCB0011C527 /* Release */,
			);
			defaultConfigurationIsVisible = 0;
			defaultConfigurationName = Release;
		};
		C13A2B1E2829EBCB0011C527 /* Build configuration list for PBXNativeTarget "cardGameUITests" */ = {
			isa = XCConfigurationList;
			buildConfigurations = (
				C13A2B1F2829EBCB0011C527 /* Debug */,
				C13A2B202829EBCB0011C527 /* Release */,
			);
			defaultConfigurationIsVisible = 0;
			defaultConfigurationName = Release;
		};
/* End XCConfigurationList section */
	};
	rootObject = C13A2AE62829EBC20011C527 /* Project object */;
}
